
Microsoft Visual Studio Solution File, Format Version 12.00
# Visual Studio Version 16
VisualStudioVersion = 16.0.31019.35
MinimumVisualStudioVersion = 10.0.40219.1
Project("{FAE04EC0-301F-11D3-BF4B-00C04F79EFBC}") = "XO_Telos", "XO_Telos\XO_Telos.csproj", "{7126570A-7BAB-4A4A-B38B-B3389B1BA26A}"
EndProject
Global
	GlobalSection(SolutionConfigurationPlatforms) = preSolution
		Debug|Any CPU = Debug|Any CPU
		Release|Any CPU = Release|Any CPU
	EndGlobalSection
	GlobalSection(ProjectConfigurationPlatforms) = postSolution
		{7126570A-7BAB-4A4A-B38B-B3389B1BA26A}.Debug|Any CPU.ActiveCfg = Debug|Any CPU
		{7126570A-7BAB-4A4A-B38B-B3389B1BA26A}.Debug|Any CPU.Build.0 = Debug|Any CPU
		{7126570A-7BAB-4A4A-B38B-B3389B1BA26A}.Release|Any CPU.ActiveCfg = Release|Any CPU
		{7126570A-7BAB-4A4A-B38B-B3389B1BA26A}.Release|Any CPU.Build.0 = Release|Any CPU
	EndGlobalSection
	GlobalSection(SolutionProperties) = preSolution
		HideSolutionNode = FALSE
	EndGlobalSection
	GlobalSection(ExtensibilityGlobals) = postSolution
		SolutionGuid = {11972CA5-CD03-4776-9FD7-C897D4E37E81}
	EndGlobalSection
EndGlobal
